
Microsoft Visual Studio Solution File, Format Version 12.00
# Visual Studio Version 17
VisualStudioVersion = 17.8.34511.84
MinimumVisualStudioVersion = 10.0.40219.1
Project("{FAE04EC0-301F-11D3-BF4B-00C04F79EFBC}") = "Valid-Parentheses", "Valid-Parentheses\Valid-Parentheses.csproj", "{7D1C4688-4F52-4227-824A-ECFD0EF2C18A}"
EndProject
Global
	GlobalSection(SolutionConfigurationPlatforms) = preSolution
		Debug|Any CPU = Debug|Any CPU
		Release|Any CPU = Release|Any CPU
	EndGlobalSection
	GlobalSection(ProjectConfigurationPlatforms) = postSolution
		{7D1C4688-4F52-4227-824A-ECFD0EF2C18A}.Debug|Any CPU.ActiveCfg = Debug|Any CPU
		{7D1C4688-4F52-4227-824A-ECFD0EF2C18A}.Debug|Any CPU.Build.0 = Debug|Any CPU
		{7D1C4688-4F52-4227-824A-ECFD0EF2C18A}.Release|Any CPU.ActiveCfg = Release|Any CPU
		{7D1C4688-4F52-4227-824A-ECFD0EF2C18A}.Release|Any CPU.Build.0 = Release|Any CPU
	EndGlobalSection
	GlobalSection(SolutionProperties) = preSolution
		HideSolutionNode = FALSE
	EndGlobalSection
	GlobalSection(ExtensibilityGlobals) = postSolution
		SolutionGuid = {7937343E-97ED-4D5F-9F21-7CD7B875537B}
	EndGlobalSection
EndGlobal
